{
  "name": "pi-ast-grep",
  "version": "1.0.0",
  "lockfileVersion": 3,
  "requires": true,
  "packages": {
    "": {
      "name": "pi-ast-grep",
      "version": "1.0.0",
      "dependencies": {
        "@ast-grep/cli": "0.41.0"
      },
      "peerDependencies": {
        "@earendil-works/pi-coding-agent": "*",
        "typebox": "*"
      },
      "peerDependenciesMeta": {
        "@earendil-works/pi-coding-agent": {
          "optional": true
        },
        "typebox": {
          "optional": true
        }
      }
    },
    "node_modules/@ast-grep/cli": {
      "version": "0.41.0",
      "resolved": "https://registry.npmjs.org/@ast-grep/cli/-/cli-0.41.0.tgz",
      "integrity": "sha512-n0SMA1qHB8tSW/j8FunecKvHQNGzdSGOkd8oAcb5lrbYaGmvmSDtR8izw14cySANaWS5Jc7PJBKppw1ZKPF8jg==",
      "hasInstallScript": true,
      "dependencies": {
        "detect-libc": "2.1.2"
      },
      "bin": {
        "ast-grep": "ast-grep",
        "sg": "sg"
      },
      "engines": {
        "node": ">= 12.0.0"
      },
      "optionalDependencies": {
        "@ast-grep/cli-darwin-arm64": "0.41.0",
        "@ast-grep/cli-darwin-x64": "0.41.0",
        "@ast-grep/cli-linux-arm64-gnu": "0.41.0",
        "@ast-grep/cli-linux-x64-gnu": "0.41.0",
        "@ast-grep/cli-win32-arm64-msvc": "0.41.0",
        "@ast-grep/cli-win32-ia32-msvc": "0.41.0",
        "@ast-grep/cli-win32-x64-msvc": "0.41.0"
      }
    },
    "node_modules/@ast-grep/cli-darwin-arm64": {
      "version": "0.41.0",
      "resolved": "https://registry.npmjs.org/@ast-grep/cli-darwin-arm64/-/cli-darwin-arm64-0.41.0.tgz",
      "integrity": "sha512-nSOVlGx0qynniprYXedkQaHcuTs6i04DZumaXFXcjcbl18qEuAme5uWNa1H6BEugRzGXQqJJo0IDm5MPeLYSyw==",
      "cpu": [
        "arm64"
      ],
      "license": "MIT",
      "optional": true,
      "os": [
        "darwin"
      ],
      "engines": {
        "node": ">= 10"
      }
    },
    "node_modules/@ast-grep/cli-darwin-x64": {
      "version": "0.41.0",
      "resolved": "https://registry.npmjs.org/@ast-grep/cli-darwin-x64/-/cli-darwin-x64-0.41.0.tgz",
      "integrity": "sha512-Jp8wLwkS2bpaxpms5w0MI5FpdrmPd1ReK8GJ+dXgIl/iyTFzXxgZYllY5tH69MFoBDxonmAZADppcBIyeSp7Xw==",
      "cpu": [
        "x64"
      ],
      "license": "MIT",
      "optional": true,
      "os": [
        "darwin"
      ],
      "engines": {
        "node": ">= 10"
      }
    },
    "node_modules/@ast-grep/cli-linux-arm64-gnu": {
      "version": "0.41.0",
      "resolved": "https://registry.npmjs.org/@ast-grep/cli-linux-arm64-gnu/-/cli-linux-arm64-gnu-0.41.0.tgz",
      "integrity": "sha512-z9etSzPP1x737H4JHitH03V8aEeRO55Mn0fo9KOZBsVlApMFjtjf9SZClM+oTNGlPCidjypYHtRsx/JdZhvkUQ==",
      "cpu": [
        "arm64"
      ],
      "libc": [
        "glibc"
      ],
      "license": "MIT",
      "optional": true,
      "os": [
        "linux"
      ],
      "engines": {
        "node": ">= 10"
      }
    },
    "node_modules/@ast-grep/cli-linux-x64-gnu": {
      "version": "0.41.0",
      "resolved": "https://registry.npmjs.org/@ast-grep/cli-linux-x64-gnu/-/cli-linux-x64-gnu-0.41.0.tgz",
      "integrity": "sha512-FTJVheESkQEFeBKx+trHIGFYOg+n9FjeArOjtrs89eYe6n3oSp3nfLeJNZwTG5Lv3NNTu2oXL/gg9UtE6D/3eg==",
      "cpu": [
        "x64"
      ],
      "libc": [
        "glibc"
      ],
      "license": "MIT",
      "optional": true,
      "os": [
        "linux"
      ],
      "engines": {
        "node": ">= 10"
      }
    },
    "node_modules/@ast-grep/cli-win32-arm64-msvc": {
      "version": "0.41.0",
      "resolved": "https://registry.npmjs.org/@ast-grep/cli-win32-arm64-msvc/-/cli-win32-arm64-msvc-0.41.0.tgz",
      "integrity": "sha512-mjVDDneU4E+BHohVv/jjSKe0nkwtnjWFsSaC3D9WKR6oNQ+F4kdBbaA5pziCdY6EvYCMsxww1LvE1OVtlPjk7w==",
      "cpu": [
        "arm64"
      ],
      "license": "MIT",
      "optional": true,
      "os": [
        "win32"
      ],
      "engines": {
        "node": ">= 10"
      }
    },
    "node_modules/@ast-grep/cli-win32-ia32-msvc": {
      "version": "0.41.0",
      "resolved": "https://registry.npmjs.org/@ast-grep/cli-win32-ia32-msvc/-/cli-win32-ia32-msvc-0.41.0.tgz",
      "integrity": "sha512-nhmonUwp+lRQ62IgPC8O52ra/TktLJpTH8D8bwbiVN4vo/MRGdN37NgwlGX9DkQ+NBBhD+FdPG+a29tT+ZZUng==",
      "cpu": [
        "ia32"
      ],
      "license": "MIT",
      "optional": true,
      "os": [
        "win32"
      ],
      "engines": {
        "node": ">= 10"
      }
    },
    "node_modules/@ast-grep/cli-win32-x64-msvc": {
      "version": "0.41.0",
      "resolved": "https://registry.npmjs.org/@ast-grep/cli-win32-x64-msvc/-/cli-win32-x64-msvc-0.41.0.tgz",
      "integrity": "sha512-xTlt7vR1yqHnPo0SG77Art2iDihKFk5o4lEFXG3UoMV3+Ugd2d9wmJCoMx4uT4n67ITLej8jzZM6P+I0rYC/bg==",
      "cpu": [
        "x64"
      ],
      "license": "MIT",
      "optional": true,
      "os": [
        "win32"
      ],
      "engines": {
        "node": ">= 10"
      }
    },
    "node_modules/detect-libc": {
      "version": "2.1.2",
      "resolved": "https://registry.npmjs.org/detect-libc/-/detect-libc-2.1.2.tgz",
      "integrity": "sha512-Btj2BOOO83o3WyH59e8MgXsxEQVcarkUOpEYrubB0urwnN10yQ364rsiByU11nZlqWYZm05i/of7io4mzihBtQ==",
      "license": "Apache-2.0",
      "engines": {
        "node": ">=8"
      }
    }
  }
}
